{
  "originHash" : "08297475261231bcc95ed8616bcc8025dbe2f68f0b508bf86bbb16173c0eb5f1",
  "pins" : [
    {
      "identity" : "methods",
      "kind" : "remoteSourceControl",
      "location" : "https://github.com/leviouwendijk/Methods.git",
      "state" : {
        "branch" : "master",
        "revision" : "3668117392a5e07ba36ba461adb90f1805461c3e"
      }
    },
    {
      "identity" : "parsing",
      "kind" : "remoteSourceControl",
      "location" : "https://github.com/leviouwendijk/Parsing.git",
      "state" : {
        "branch" : "master",
        "revision" : "162af044f18697c7beb0e9b5bef29a5a7636fc60"
      }
    }
  ],
  "version" : 3
}
